
Microsoft Visual Studio Solution File, Format Version 12.00
# Visual Studio 2012
Project("{8BC9CEB8-8B4A-11D0-8D11-00A0C91BC942}") = "SDL2.0 Reading Text Input", "SDL2.0 Reading Text Input\SDL2.0 Reading Text Input.vcxproj", "{A7623745-3756-448A-ACEC-E6318717391C}"
EndProject
Global
	GlobalSection(SolutionConfigurationPlatforms) = preSolution
		Debug|Win32 = Debug|Win32
		Release|Win32 = Release|Win32
	EndGlobalSection
	GlobalSection(ProjectConfigurationPlatforms) = postSolution
		{A7623745-3756-448A-ACEC-E6318717391C}.Debug|Win32.ActiveCfg = Debug|Win32
		{A7623745-3756-448A-ACEC-E6318717391C}.Debug|Win32.Build.0 = Debug|Win32
		{A7623745-3756-448A-ACEC-E6318717391C}.Release|Win32.ActiveCfg = Release|Win32
		{A7623745-3756-448A-ACEC-E6318717391C}.Release|Win32.Build.0 = Release|Win32
	EndGlobalSection
	GlobalSection(SolutionProperties) = preSolution
		HideSolutionNode = FALSE
	EndGlobalSection
EndGlobal
