<?xml version="1.0" encoding="utf-8"?>
<Project ToolsVersion="4.0" xmlns="http://schemas.microsoft.com/developer/msbuild/2003">
  <ItemGroup>
    <Filter Include="Source Files">
      <UniqueIdentifier>{4FC737F1-C7A5-4376-A066-2A32D752A2FF}</UniqueIdentifier>
      <Extensions>cpp;c;cc;cxx;def;odl;idl;hpj;bat;asm;asmx</Extensions>
    </Filter>
    <Filter Include="Header Files">
      <UniqueIdentifier>{93995380-89BD-4b04-88EB-625FBE52EBFB}</UniqueIdentifier>
      <Extensions>h;hpp;hxx;hm;inl;inc;xsd</Extensions>
    </Filter>
    <Filter Include="Resource Files">
      <UniqueIdentifier>{67DA6AB6-F800-4c08-8B7A-83BB121AAD01}</UniqueIdentifier>
      <Extensions>rc;ico;cur;bmp;dlg;rc2;rct;bin;rgs;gif;jpg;jpeg;jpe;resx;tiff;tif;png;wav;mfcribbon-ms</Extensions>
    </Filter>
  </ItemGroup>
  <ItemGroup>
    <ClCompile Include="..\src\luac\luacanimatedimage.cpp">
      <Filter>Source Files</Filter>
    </ClCompile>
    <ClCompile Include="..\src\luac\luaccamera.cpp">
      <Filter>Source Files</Filter>
    </ClCompile>
    <ClCompile Include="..\src\luac\luaccolor.cpp">
      <Filter>Source Files</Filter>
    </ClCompile>
    <ClCompile Include="..\src\luac\luacdebug.cpp">
      <Filter>Source Files</Filter>
    </ClCompile>
    <ClCompile Include="..\src\luac\luacentity.cpp">
      <Filter>Source Files</Filter>
    </ClCompile>
    <ClCompile Include="..\src\luac\luacimage.cpp">
      <Filter>Source Files</Filter>
    </ClCompile>
    <ClCompile Include="..\src\luac\luacinput.cpp">
      <Filter>Source Files</Filter>
    </ClCompile>
    <ClCompile Include="..\src\luac\luacmath.cpp">
      <Filter>Source Files</Filter>
    </ClCompile>
    <ClCompile Include="..\src\luac\luacphysics.cpp">
      <Filter>Source Files</Filter>
    </ClCompile>
    <ClCompile Include="..\src\luac\luacrectf.cpp">
      <Filter>Source Files</Filter>
    </ClCompile>
    <ClCompile Include="..\src\luac\luacscript.cpp">
      <Filter>Source Files</Filter>
    </ClCompile>
    <ClCompile Include="..\src\luac\luacstate.cpp">
      <Filter>Source Files</Filter>
    </ClCompile>
    <ClCompile Include="..\src\luac\luactext.cpp">
      <Filter>Source Files</Filter>
    </ClCompile>
    <ClCompile Include="..\src\luac\luactimer.cpp">
      <Filter>Source Files</Filter>
    </ClCompile>
    <ClCompile Include="..\src\luac\luacvector2f.cpp">
      <Filter>Source Files</Filter>
    </ClCompile>
    <ClCompile Include="..\src\luac\luacwindow.cpp">
      <Filter>Source Files</Filter>
    </ClCompile>
    <ClCompile Include="..\src\core\animatedimage.cpp">
      <Filter>Source Files</Filter>
    </ClCompile>
    <ClCompile Include="..\src\core\button.cpp">
      <Filter>Source Files</Filter>
    </ClCompile>
    <ClCompile Include="..\src\core\camera.cpp">
      <Filter>Source Files</Filter>
    </ClCompile>
    <ClCompile Include="..\src\core\color.cpp">
      <Filter>Source Files</Filter>
    </ClCompile>
    <ClCompile Include="..\src\core\debug.cpp">
      <Filter>Source Files</Filter>
    </ClCompile>
    <ClCompile Include="..\src\core\editorstate.cpp">
      <Filter>Source Files</Filter>
    </ClCompile>
    <ClCompile Include="..\src\core\entity.cpp">
      <Filter>Source Files</Filter>
    </ClCompile>
    <ClCompile Include="..\src\core\entityeditor.cpp">
      <Filter>Source Files</Filter>
    </ClCompile>
    <ClCompile Include="..\src\core\entitymanager.cpp">
      <Filter>Source Files</Filter>
    </ClCompile>
    <ClCompile Include="..\src\core\gamestate.cpp">
      <Filter>Source Files</Filter>
    </ClCompile>
    <ClCompile Include="..\src\core\image.cpp">
      <Filter>Source Files</Filter>
    </ClCompile>
    <ClCompile Include="..\src\core\input.cpp">
      <Filter>Source Files</Filter>
    </ClCompile>
    <ClCompile Include="..\src\core\jsonhandler.cpp">
      <Filter>Source Files</Filter>
    </ClCompile>
    <ClCompile Include="..\src\core\luascript.cpp">
      <Filter>Source Files</Filter>
    </ClCompile>
    <ClCompile Include="..\src\core\main.cpp">
      <Filter>Source Files</Filter>
    </ClCompile>
    <ClCompile Include="..\src\core\map.cpp">
      <Filter>Source Files</Filter>
    </ClCompile>
    <ClCompile Include="..\src\core\mapeditor.cpp">
      <Filter>Source Files</Filter>
    </ClCompile>
    <ClCompile Include="..\src\core\math.cpp">
      <Filter>Source Files</Filter>
    </ClCompile>
    <ClCompile Include="..\src\core\menustate.cpp">
      <Filter>Source Files</Filter>
    </ClCompile>
    <ClCompile Include="..\src\core\motionstate.cpp">
      <Filter>Source Files</Filter>
    </ClCompile>
    <ClCompile Include="..\src\core\physics.cpp">
      <Filter>Source Files</Filter>
    </ClCompile>
    <ClCompile Include="..\src\core\state.cpp">
      <Filter>Source Files</Filter>
    </ClCompile>
    <ClCompile Include="..\src\core\statemanager.cpp">
      <Filter>Source Files</Filter>
    </ClCompile>
    <ClCompile Include="..\src\core\text.cpp">
      <Filter>Source Files</Filter>
    </ClCompile>
    <ClCompile Include="..\src\core\tilebar.cpp">
      <Filter>Source Files</Filter>
    </ClCompile>
    <ClCompile Include="..\src\core\tileset.cpp">
      <Filter>Source Files</Filter>
    </ClCompile>
    <ClCompile Include="..\src\core\timer.cpp">
      <Filter>Source Files</Filter>
    </ClCompile>
    <ClCompile Include="..\src\core\window.cpp">
      <Filter>Source Files</Filter>
    </ClCompile>
    <ClCompile Include="..\src\external\jsoncpp.cpp">
      <Filter>Source Files</Filter>
    </ClCompile>
    <ClCompile Include="..\src\luac\luaref.cpp">
      <Filter>Source Files</Filter>
    </ClCompile>
  </ItemGroup>
  <ItemGroup>
    <ClInclude Include="..\src\luac\luacanimatedimage.h">
      <Filter>Header Files</Filter>
    </ClInclude>
    <ClInclude Include="..\src\luac\luaccamera.h">
      <Filter>Header Files</Filter>
    </ClInclude>
    <ClInclude Include="..\src\luac\luaccolor.h">
      <Filter>Header Files</Filter>
    </ClInclude>
    <ClInclude Include="..\src\luac\luacdebug.h">
      <Filter>Header Files</Filter>
    </ClInclude>
    <ClInclude Include="..\src\luac\luacentity.h">
      <Filter>Header Files</Filter>
    </ClInclude>
    <ClInclude Include="..\src\luac\luacimage.h">
      <Filter>Header Files</Filter>
    </ClInclude>
    <ClInclude Include="..\src\luac\luacinput.h">
      <Filter>Header Files</Filter>
    </ClInclude>
    <ClInclude Include="..\src\luac\luacmath.h">
      <Filter>Header Files</Filter>
    </ClInclude>
    <ClInclude Include="..\src\luac\luacparam.h">
      <Filter>Header Files</Filter>
    </ClInclude>
    <ClInclude Include="..\src\luac\luacphysics.h">
      <Filter>Header Files</Filter>
    </ClInclude>
    <ClInclude Include="..\src\luac\luacprimitiveparam.h">
      <Filter>Header Files</Filter>
    </ClInclude>
    <ClInclude Include="..\src\luac\luacrectf.h">
      <Filter>Header Files</Filter>
    </ClInclude>
    <ClInclude Include="..\src\luac\luacscript.h">
      <Filter>Header Files</Filter>
    </ClInclude>
    <ClInclude Include="..\src\luac\luacstate.h">
      <Filter>Header Files</Filter>
    </ClInclude>
    <ClInclude Include="..\src\luac\luactext.h">
      <Filter>Header Files</Filter>
    </ClInclude>
    <ClInclude Include="..\src\luac\luactimer.h">
      <Filter>Header Files</Filter>
    </ClInclude>
    <ClInclude Include="..\src\luac\luacudataparam.h">
      <Filter>Header Files</Filter>
    </ClInclude>
    <ClInclude Include="..\src\luac\luacvector2f.h">
      <Filter>Header Files</Filter>
    </ClInclude>
    <ClInclude Include="..\src\luac\luacwindow.h">
      <Filter>Header Files</Filter>
    </ClInclude>
    <ClInclude Include="..\src\core\animatedimage.h">
      <Filter>Header Files</Filter>
    </ClInclude>
    <ClInclude Include="..\src\core\base.h">
      <Filter>Header Files</Filter>
    </ClInclude>
    <ClInclude Include="..\src\core\button.h">
      <Filter>Header Files</Filter>
    </ClInclude>
    <ClInclude Include="..\src\core\camera.h">
      <Filter>Header Files</Filter>
    </ClInclude>
    <ClInclude Include="..\src\core\color.h">
      <Filter>Header Files</Filter>
    </ClInclude>
    <ClInclude Include="..\src\core\debug.h">
      <Filter>Header Files</Filter>
    </ClInclude>
    <ClInclude Include="..\src\core\editorstate.h">
      <Filter>Header Files</Filter>
    </ClInclude>
    <ClInclude Include="..\src\core\entity.h">
      <Filter>Header Files</Filter>
    </ClInclude>
    <ClInclude Include="..\src\core\entityeditor.h">
      <Filter>Header Files</Filter>
    </ClInclude>
    <ClInclude Include="..\src\core\entitymanager.h">
      <Filter>Header Files</Filter>
    </ClInclude>
    <ClInclude Include="..\src\core\gamestate.h">
      <Filter>Header Files</Filter>
    </ClInclude>
    <ClInclude Include="..\src\core\image.h">
      <Filter>Header Files</Filter>
    </ClInclude>
    <ClInclude Include="..\src\core\input.h">
      <Filter>Header Files</Filter>
    </ClInclude>
    <ClInclude Include="..\src\core\jsonhandler.h">
      <Filter>Header Files</Filter>
    </ClInclude>
    <ClInclude Include="..\src\core\luascript.h">
      <Filter>Header Files</Filter>
    </ClInclude>
    <ClInclude Include="..\src\core\map.h">
      <Filter>Header Files</Filter>
    </ClInclude>
    <ClInclude Include="..\src\core\mapeditor.h">
      <Filter>Header Files</Filter>
    </ClInclude>
    <ClInclude Include="..\src\core\math.h">
      <Filter>Header Files</Filter>
    </ClInclude>
    <ClInclude Include="..\src\core\menustate.h">
      <Filter>Header Files</Filter>
    </ClInclude>
    <ClInclude Include="..\src\core\motionstate.h">
      <Filter>Header Files</Filter>
    </ClInclude>
    <ClInclude Include="..\src\core\objectbutton.h">
      <Filter>Header Files</Filter>
    </ClInclude>
    <ClInclude Include="..\src\core\physics.h">
      <Filter>Header Files</Filter>
    </ClInclude>
    <ClInclude Include="..\src\core\rect.h">
      <Filter>Header Files</Filter>
    </ClInclude>
    <ClInclude Include="..\src\core\state.h">
      <Filter>Header Files</Filter>
    </ClInclude>
    <ClInclude Include="..\src\core\statemanager.h">
      <Filter>Header Files</Filter>
    </ClInclude>
    <ClInclude Include="..\src\core\text.h">
      <Filter>Header Files</Filter>
    </ClInclude>
    <ClInclude Include="..\src\core\tile.h">
      <Filter>Header Files</Filter>
    </ClInclude>
    <ClInclude Include="..\src\core\tilebar.h">
      <Filter>Header Files</Filter>
    </ClInclude>
    <ClInclude Include="..\src\core\tileset.h">
      <Filter>Header Files</Filter>
    </ClInclude>
    <ClInclude Include="..\src\core\timer.h">
      <Filter>Header Files</Filter>
    </ClInclude>
    <ClInclude Include="..\src\core\vectors.h">
      <Filter>Header Files</Filter>
    </ClInclude>
    <ClInclude Include="..\src\core\window.h">
      <Filter>Header Files</Filter>
    </ClInclude>
    <ClInclude Include="..\src\luac\luaref.h">
      <Filter>Header Files</Filter>
    </ClInclude>
    <ClInclude Include="..\src\luac\luacdata.h">
      <Filter>Header Files</Filter>
    </ClInclude>
    <ClInclude Include="..\src\luac\luacfunctioninterface.h">
      <Filter>Header Files</Filter>
    </ClInclude>
  </ItemGroup>
</Project>