<?xml version="1.0" encoding="utf-8"?>
<Project ToolsVersion="4.0" xmlns="http://schemas.microsoft.com/developer/msbuild/2003">
  <ItemGroup>
    <Filter Include="Source Files">
      <UniqueIdentifier>{4FC737F1-C7A5-4376-A066-2A32D752A2FF}</UniqueIdentifier>
      <Extensions>cpp;c;cc;cxx;def;odl;idl;hpj;bat;asm;asmx</Extensions>
    </Filter>
    <Filter Include="Header Files">
      <UniqueIdentifier>{93995380-89BD-4b04-88EB-625FBE52EBFB}</UniqueIdentifier>
      <Extensions>h;hpp;hxx;hm;inl;inc;xsd</Extensions>
    </Filter>
    <Filter Include="Resource Files">
      <UniqueIdentifier>{67DA6AB6-F800-4c08-8B7A-83BB121AAD01}</UniqueIdentifier>
      <Extensions>rc;ico;cur;bmp;dlg;rc2;rct;bin;rgs;gif;jpg;jpeg;jpe;resx;tiff;tif;png;wav;mfcribbon-ms</Extensions>
    </Filter>
  </ItemGroup>
  <ItemGroup>
    <ClInclude Include="..\src\button.h">
      <Filter>Header Files</Filter>
    </ClInclude>
    <ClInclude Include="..\src\base.h">
      <Filter>Header Files</Filter>
    </ClInclude>
    <ClInclude Include="..\src\camera.h">
      <Filter>Header Files</Filter>
    </ClInclude>
    <ClInclude Include="..\src\gamestate.h">
      <Filter>Header Files</Filter>
    </ClInclude>
    <ClInclude Include="..\src\image.h">
      <Filter>Header Files</Filter>
    </ClInclude>
    <ClInclude Include="..\src\input.h">
      <Filter>Header Files</Filter>
    </ClInclude>
    <ClInclude Include="..\externals\json\json-forwards.h">
      <Filter>Header Files</Filter>
    </ClInclude>
    <ClInclude Include="..\externals\json\json.h">
      <Filter>Header Files</Filter>
    </ClInclude>
    <ClInclude Include="..\src\map.h">
      <Filter>Header Files</Filter>
    </ClInclude>
    <ClInclude Include="..\src\math.h">
      <Filter>Header Files</Filter>
    </ClInclude>
    <ClInclude Include="..\src\menustate.h">
      <Filter>Header Files</Filter>
    </ClInclude>
    <ClInclude Include="..\src\objectbutton.h">
      <Filter>Header Files</Filter>
    </ClInclude>
    <ClInclude Include="..\src\objectpool.h">
      <Filter>Header Files</Filter>
    </ClInclude>
    <ClInclude Include="..\src\physics.h">
      <Filter>Header Files</Filter>
    </ClInclude>
    <ClInclude Include="..\src\rect.h">
      <Filter>Header Files</Filter>
    </ClInclude>
    <ClInclude Include="..\src\state.h">
      <Filter>Header Files</Filter>
    </ClInclude>
    <ClInclude Include="..\src\statemanager.h">
      <Filter>Header Files</Filter>
    </ClInclude>
    <ClInclude Include="..\src\text.h">
      <Filter>Header Files</Filter>
    </ClInclude>
    <ClInclude Include="..\src\tile.h">
      <Filter>Header Files</Filter>
    </ClInclude>
    <ClInclude Include="..\src\timer.h">
      <Filter>Header Files</Filter>
    </ClInclude>
    <ClInclude Include="..\src\vectors.h">
      <Filter>Header Files</Filter>
    </ClInclude>
    <ClInclude Include="..\src\window.h">
      <Filter>Header Files</Filter>
    </ClInclude>
    <ClInclude Include="..\src\editorstate.h">
      <Filter>Header Files</Filter>
    </ClInclude>
    <ClInclude Include="..\src\mapeditor.h">
      <Filter>Header Files</Filter>
    </ClInclude>
    <ClInclude Include="..\src\tilebar.h">
      <Filter>Header Files</Filter>
    </ClInclude>
    <ClInclude Include="..\src\animatedimage.h">
      <Filter>Header Files</Filter>
    </ClInclude>
    <ClInclude Include="..\src\entity.h">
      <Filter>Header Files</Filter>
    </ClInclude>
    <ClInclude Include="..\src\entitymanager.h">
      <Filter>Header Files</Filter>
    </ClInclude>
    <ClInclude Include="..\src\entityeditor.h">
      <Filter>Header Files</Filter>
    </ClInclude>
    <ClInclude Include="..\src\motionstate.h">
      <Filter>Header Files</Filter>
    </ClInclude>
    <ClInclude Include="..\src\color.h">
      <Filter>Header Files</Filter>
    </ClInclude>
    <ClInclude Include="..\src\luascript.h">
      <Filter>Header Files</Filter>
    </ClInclude>
    <ClInclude Include="..\src\jsonhandler.h">
      <Filter>Header Files</Filter>
    </ClInclude>
    <ClInclude Include="..\src\tileset.h">
      <Filter>Header Files</Filter>
    </ClInclude>
    <ClInclude Include="..\src\debug.h">
      <Filter>Header Files</Filter>
    </ClInclude>
    <ClInclude Include="..\luac\luacscript.h">
      <Filter>Header Files</Filter>
    </ClInclude>
    <ClInclude Include="..\luac\luacentity.h">
      <Filter>Header Files</Filter>
    </ClInclude>
    <ClInclude Include="..\luac\luacrectf.h">
      <Filter>Header Files</Filter>
    </ClInclude>
    <ClInclude Include="..\luac\luacphysics.h">
      <Filter>Header Files</Filter>
    </ClInclude>
    <ClInclude Include="..\luac\luacvector2f.h">
      <Filter>Header Files</Filter>
    </ClInclude>
    <ClInclude Include="..\luac\luacdebug.h">
      <Filter>Header Files</Filter>
    </ClInclude>
    <ClInclude Include="..\luac\luaccolor.h">
      <Filter>Header Files</Filter>
    </ClInclude>
    <ClInclude Include="..\luac\luactimer.h">
      <Filter>Header Files</Filter>
    </ClInclude>
    <ClInclude Include="..\luac\luacinput.h">
      <Filter>Header Files</Filter>
    </ClInclude>
    <ClInclude Include="..\luac\luacstate.h">
      <Filter>Header Files</Filter>
    </ClInclude>
    <ClInclude Include="..\luac\luaccamera.h">
      <Filter>Header Files</Filter>
    </ClInclude>
    <ClInclude Include="..\luac\luacmath.h">
      <Filter>Header Files</Filter>
    </ClInclude>
  </ItemGroup>
  <ItemGroup>
    <ClCompile Include="..\src\button.cpp">
      <Filter>Source Files</Filter>
    </ClCompile>
    <ClCompile Include="..\src\camera.cpp">
      <Filter>Source Files</Filter>
    </ClCompile>
    <ClCompile Include="..\src\gamestate.cpp">
      <Filter>Source Files</Filter>
    </ClCompile>
    <ClCompile Include="..\src\image.cpp">
      <Filter>Source Files</Filter>
    </ClCompile>
    <ClCompile Include="..\src\input.cpp">
      <Filter>Source Files</Filter>
    </ClCompile>
    <ClCompile Include="..\src\main.cpp">
      <Filter>Source Files</Filter>
    </ClCompile>
    <ClCompile Include="..\src\map.cpp">
      <Filter>Source Files</Filter>
    </ClCompile>
    <ClCompile Include="..\src\math.cpp">
      <Filter>Source Files</Filter>
    </ClCompile>
    <ClCompile Include="..\src\menustate.cpp">
      <Filter>Source Files</Filter>
    </ClCompile>
    <ClCompile Include="..\src\physics.cpp">
      <Filter>Source Files</Filter>
    </ClCompile>
    <ClCompile Include="..\src\state.cpp">
      <Filter>Source Files</Filter>
    </ClCompile>
    <ClCompile Include="..\src\statemanager.cpp">
      <Filter>Source Files</Filter>
    </ClCompile>
    <ClCompile Include="..\src\text.cpp">
      <Filter>Source Files</Filter>
    </ClCompile>
    <ClCompile Include="..\src\timer.cpp">
      <Filter>Source Files</Filter>
    </ClCompile>
    <ClCompile Include="..\src\window.cpp">
      <Filter>Source Files</Filter>
    </ClCompile>
    <ClCompile Include="..\externals\jsoncpp.cpp">
      <Filter>Source Files</Filter>
    </ClCompile>
    <ClCompile Include="..\src\editorstate.cpp">
      <Filter>Source Files</Filter>
    </ClCompile>
    <ClCompile Include="..\src\mapeditor.cpp">
      <Filter>Source Files</Filter>
    </ClCompile>
    <ClCompile Include="..\src\tilebar.cpp">
      <Filter>Source Files</Filter>
    </ClCompile>
    <ClCompile Include="..\src\animatedimage.cpp">
      <Filter>Source Files</Filter>
    </ClCompile>
    <ClCompile Include="..\src\entity.cpp">
      <Filter>Source Files</Filter>
    </ClCompile>
    <ClCompile Include="..\src\entitymanager.cpp">
      <Filter>Source Files</Filter>
    </ClCompile>
    <ClCompile Include="..\src\entityeditor.cpp">
      <Filter>Source Files</Filter>
    </ClCompile>
    <ClCompile Include="..\src\motionstate.cpp">
      <Filter>Source Files</Filter>
    </ClCompile>
    <ClCompile Include="..\src\color.cpp">
      <Filter>Source Files</Filter>
    </ClCompile>
    <ClCompile Include="..\src\luascript.cpp">
      <Filter>Source Files</Filter>
    </ClCompile>
    <ClCompile Include="..\src\jsonhandler.cpp">
      <Filter>Source Files</Filter>
    </ClCompile>
    <ClCompile Include="..\src\tileset.cpp">
      <Filter>Source Files</Filter>
    </ClCompile>
    <ClCompile Include="..\src\debug.cpp">
      <Filter>Source Files</Filter>
    </ClCompile>
    <ClCompile Include="..\luac\luacscript.cpp">
      <Filter>Source Files</Filter>
    </ClCompile>
    <ClCompile Include="..\luac\luacentity.cpp">
      <Filter>Source Files</Filter>
    </ClCompile>
    <ClCompile Include="..\luac\luacrectf.cpp">
      <Filter>Source Files</Filter>
    </ClCompile>
    <ClCompile Include="..\luac\luacphysics.cpp">
      <Filter>Source Files</Filter>
    </ClCompile>
    <ClCompile Include="..\luac\luacvector2f.cpp">
      <Filter>Source Files</Filter>
    </ClCompile>
    <ClCompile Include="..\luac\luacdebug.cpp">
      <Filter>Source Files</Filter>
    </ClCompile>
    <ClCompile Include="..\luac\luaccolor.cpp">
      <Filter>Source Files</Filter>
    </ClCompile>
    <ClCompile Include="..\luac\luactimer.cpp">
      <Filter>Source Files</Filter>
    </ClCompile>
    <ClCompile Include="..\luac\luacinput.cpp">
      <Filter>Source Files</Filter>
    </ClCompile>
    <ClCompile Include="..\luac\luacstate.cpp">
      <Filter>Source Files</Filter>
    </ClCompile>
    <ClCompile Include="..\luac\luaccamera.cpp">
      <Filter>Source Files</Filter>
    </ClCompile>
    <ClCompile Include="..\luac\luacmath.cpp">
      <Filter>Source Files</Filter>
    </ClCompile>
  </ItemGroup>
</Project>